
Microsoft Visual Studio Solution File, Format Version 12.00
# Visual Studio 15
VisualStudioVersion = 15.0.27130.2027
MinimumVisualStudioVersion = 10.0.40219.1
Project("{FAE04EC0-301F-11D3-BF4B-00C04F79EFBC}") = "FileShow", "FileShow\FileShow.csproj", "{B210DEF9-5A72-4A29-8DBB-9907B0F6D907}"
EndProject
Global
	GlobalSection(SolutionConfigurationPlatforms) = preSolution
		Debug|Any CPU = Debug|Any CPU
		Release|Any CPU = Release|Any CPU
	EndGlobalSection
	GlobalSection(ProjectConfigurationPlatforms) = postSolution
		{B210DEF9-5A72-4A29-8DBB-9907B0F6D907}.Debug|Any CPU.ActiveCfg = Debug|Any CPU
		{B210DEF9-5A72-4A29-8DBB-9907B0F6D907}.Debug|Any CPU.Build.0 = Debug|Any CPU
		{B210DEF9-5A72-4A29-8DBB-9907B0F6D907}.Release|Any CPU.ActiveCfg = Release|Any CPU
		{B210DEF9-5A72-4A29-8DBB-9907B0F6D907}.Release|Any CPU.Build.0 = Release|Any CPU
	EndGlobalSection
	GlobalSection(SolutionProperties) = preSolution
		HideSolutionNode = FALSE
	EndGlobalSection
	GlobalSection(ExtensibilityGlobals) = postSolution
		SolutionGuid = {50EC33B8-6738-4ABB-9E16-FE872F679D56}
	EndGlobalSection
EndGlobal
